{
  "name": "superset",
  "lockfileVersion": 3,
  "requires": true,
  "packages": {
    "": {
      "dependencies": {
        "@luma.gl/webgl": "8.4.0"
      }
    },
    "node_modules/@babel/runtime": {
      "version": "7.28.4",
      "resolved": "https://registry.npmjs.org/@babel/runtime/-/runtime-7.28.4.tgz",
      "integrity": "sha512-Q/N6JNWvIvPnLDvjlE1OUBLPQHH6l3CltCEsHIujp45zQUSSh8K+gHnaEX45yAT1nyngnINhvWtzN+Nb9D8RAQ==",
      "license": "MIT",
      "engines": {
        "node": ">=6.9.0"
      }
    },
    "node_modules/@luma.gl/constants": {
      "version": "8.4.0",
      "resolved": "https://registry.npmjs.org/@luma.gl/constants/-/constants-8.4.0.tgz",
      "integrity": "sha512-R4lW8nZ2Mon+62uOH6l1M7KlCMzxhr+J2cHuArK8KzvdUz/+oJU/GdII6AP9zvix3A0rpGRf5p0hpL2tnjzXGw==",
      "license": "MIT"
    },
    "node_modules/@luma.gl/gltools": {
      "version": "8.4.0",
      "resolved": "https://registry.npmjs.org/@luma.gl/gltools/-/gltools-8.4.0.tgz",
      "integrity": "sha512-NpaVZRZxNtK6eH8rfs+raib121Kqn0DUNKz028zRRUQ8dhwolwb6ct6nPklUxvAqGORMm5hlIaFYykEWEJtzBw==",
      "license": "MIT",
      "dependencies": {
        "@babel/runtime": "^7.0.0",
        "@luma.gl/constants": "8.4.0",
        "probe.gl": "^3.2.1"
      }
    },
    "node_modules/@luma.gl/webgl": {
      "version": "8.4.0",
      "resolved": "https://registry.npmjs.org/@luma.gl/webgl/-/webgl-8.4.0.tgz",
      "integrity": "sha512-PeQYxYwnuVcuM87uIl2c3zIVOZAn7sFmmRUCauhxDdBYSi31tKZSncd3hvQ4Da3YpB63iKAupLVJnsHuWyfndg==",
      "license": "MIT",
      "dependencies": {
        "@babel/runtime": "^7.0.0",
        "@luma.gl/constants": "8.4.0",
        "@luma.gl/gltools": "8.4.0",
        "probe.gl": "^3.2.1"
      }
    },
    "node_modules/@probe.gl/env": {
      "version": "3.6.0",
      "resolved": "https://registry.npmjs.org/@probe.gl/env/-/env-3.6.0.tgz",
      "integrity": "sha512-4tTZYUg/8BICC3Yyb9rOeoKeijKbZHRXBEKObrfPmX4sQmYB15ZOUpoVBhAyJkOYVAM8EkPci6Uw5dLCwx2BEQ==",
      "license": "MIT",
      "dependencies": {
        "@babel/runtime": "^7.0.0"
      }
    },
    "node_modules/@probe.gl/log": {
      "version": "3.6.0",
      "resolved": "https://registry.npmjs.org/@probe.gl/log/-/log-3.6.0.tgz",
      "integrity": "sha512-hjpyenpEvOdowgZ1qMeCJxfRD4JkKdlXz0RC14m42Un62NtOT+GpWyKA4LssT0+xyLULCByRAtG2fzZorpIAcA==",
      "license": "MIT",
      "dependencies": {
        "@babel/runtime": "^7.0.0",
        "@probe.gl/env": "3.6.0"
      }
    },
    "node_modules/@probe.gl/stats": {
      "version": "3.6.0",
      "resolved": "https://registry.npmjs.org/@probe.gl/stats/-/stats-3.6.0.tgz",
      "integrity": "sha512-JdALQXB44OP4kUBN/UrQgzbJe4qokbVF4Y8lkIA8iVCFnjVowWIgkD/z/0QO65yELT54tTrtepw1jScjKB+rhQ==",
      "license": "MIT",
      "dependencies": {
        "@babel/runtime": "^7.0.0"
      }
    },
    "node_modules/probe.gl": {
      "version": "3.6.0",
      "resolved": "https://registry.npmjs.org/probe.gl/-/probe.gl-3.6.0.tgz",
      "integrity": "sha512-19JydJWI7+DtR4feV+pu4Mn1I5TAc0xojuxVgZdXIyfmTLfUaFnk4OloWK1bKbPtkgGKLr2lnbnCXmpZEcEp9g==",
      "license": "MIT",
      "dependencies": {
        "@babel/runtime": "^7.0.0",
        "@probe.gl/env": "3.6.0",
        "@probe.gl/log": "3.6.0",
        "@probe.gl/stats": "3.6.0"
      }
    }
  }
}
